
Microsoft Visual Studio Solution File, Format Version 12.00
# Visual Studio Version 16
VisualStudioVersion = 16.0.30002.166
MinimumVisualStudioVersion = 10.0.40219.1
Project("{FAE04EC0-301F-11D3-BF4B-00C04F79EFBC}") = "ScreenBrightnessService", "ScreenBrightnessService\ScreenBrightnessService.csproj", "{23B5E0BE-F921-4064-8BD9-05C38D634F13}"
EndProject
Project("{FAE04EC0-301F-11D3-BF4B-00C04F79EFBC}") = "SetBrightness", "SetBrightness\SetBrightness.csproj", "{2A2FE7A0-8E90-469D-AC96-0A83A83F2BE1}"
EndProject
Global
	GlobalSection(SolutionConfigurationPlatforms) = preSolution
		Debug|Any CPU = Debug|Any CPU
		Release|Any CPU = Release|Any CPU
	EndGlobalSection
	GlobalSection(ProjectConfigurationPlatforms) = postSolution
		{23B5E0BE-F921-4064-8BD9-05C38D634F13}.Debug|Any CPU.ActiveCfg = Debug|Any CPU
		{23B5E0BE-F921-4064-8BD9-05C38D634F13}.Debug|Any CPU.Build.0 = Debug|Any CPU
		{23B5E0BE-F921-4064-8BD9-05C38D634F13}.Release|Any CPU.ActiveCfg = Release|Any CPU
		{23B5E0BE-F921-4064-8BD9-05C38D634F13}.Release|Any CPU.Build.0 = Release|Any CPU
		{2A2FE7A0-8E90-469D-AC96-0A83A83F2BE1}.Debug|Any CPU.ActiveCfg = Debug|Any CPU
		{2A2FE7A0-8E90-469D-AC96-0A83A83F2BE1}.Debug|Any CPU.Build.0 = Debug|Any CPU
		{2A2FE7A0-8E90-469D-AC96-0A83A83F2BE1}.Release|Any CPU.ActiveCfg = Release|Any CPU
		{2A2FE7A0-8E90-469D-AC96-0A83A83F2BE1}.Release|Any CPU.Build.0 = Release|Any CPU
	EndGlobalSection
	GlobalSection(SolutionProperties) = preSolution
		HideSolutionNode = FALSE
	EndGlobalSection
	GlobalSection(ExtensibilityGlobals) = postSolution
		SolutionGuid = {61704CE4-4540-42B3-8503-41DAD309C610}
	EndGlobalSection
EndGlobal
